github.com/wowchemy/wowchemy-hugo-modules/wowchemy v0.0.0-20210413192202-ab8d28988e0e h1:l9ZvxE12kMiwIV5eMUAaQ64aopV7NaBMAIOSTy1kIqg=
github.com/wowchemy/wowchemy-hugo-modules/wowchemy v0.0.0-20210413192202-ab8d28988e0e/go.mod h1:H22qfH9qj3FWwsk7+bAZpmT24yRGNQURah2/IRwjbn8=
github.com/wowchemy/wowchemy-hugo-modules/wowchemy v0.0.0-20210416205738-171648c80874 h1:4WTbhDz9mZJwib9xczuV+JwhI1t4U/joqp5AgabZIAI=
github.com/wowchemy/wowchemy-hugo-modules/wowchemy v0.0.0-20210416205738-171648c80874/go.mod h1:H22qfH9qj3FWwsk7+bAZpmT24yRGNQURah2/IRwjbn8=
github.com/wowchemy/wowchemy-hugo-modules/wowchemy v0.0.0-20210422192724-bfa3808cb6ec h1:hiiibzm2QgYhQ6LK6ow8zLFNP0PyfzWfdKX9i5rN3e4=
github.com/wowchemy/wowchemy-hugo-modules/wowchemy v0.0.0-20210422192724-bfa3808cb6ec/go.mod h1:H22qfH9qj3FWwsk7+bAZpmT24yRGNQURah2/IRwjbn8=
github.com/wowchemy/wowchemy-hugo-modules/wowchemy v0.0.0-20210525185111-8bba30b81ab6 h1:tZSAU+1yuS1MSjG86qvdWtuKxDdqnSJkP86DthWXUlA=
github.com/wowchemy/wowchemy-hugo-modules/wowchemy v0.0.0-20210525185111-8bba30b81ab6/go.mod h1:H22qfH9qj3FWwsk7+bAZpmT24yRGNQURah2/IRwjbn8=
github.com/wowchemy/wowchemy-hugo-modules/wowchemy v0.0.0-20210525210730-89d079bcf055 h1:2aDKEgFpfUu0ebxGvCDUw/W4+UZx3wWseFsYpNvaqr4=
github.com/wowchemy/wowchemy-hugo-modules/wowchemy v0.0.0-20210525210730-89d079bcf055/go.mod h1:H22qfH9qj3FWwsk7+bAZpmT24yRGNQURah2/IRwjbn8=
github.com/wowchemy/wowchemy-hugo-modules/wowchemy-cms v0.0.0-20210525185111-8bba30b81ab6 h1:VUi+/ZamkQ385kqOaGAyyt3iOiIa+xx21yB3hqfVxZk=
github.com/wowchemy/wowchemy-hugo-modules/wowchemy-cms v0.0.0-20210525185111-8bba30b81ab6/go.mod h1:AKpYbqUVlj0VYsc7Jsxe1o8Ko2yV31A5ZPdfpACcXJw=
github.com/wowchemy/wowchemy-hugo-modules/wowchemy-cms v0.0.0-20210525210730-89d079bcf055 h1:e/IE1WGzItQDeAX0o9cRdpLf9835ZbX5ttl/7f7nwTs=
github.com/wowchemy/wowchemy-hugo-modules/wowchemy-cms v0.0.0-20210525210730-89d079bcf055/go.mod h1:AKpYbqUVlj0VYsc7Jsxe1o8Ko2yV31A5ZPdfpACcXJw=
github.com/wowchemy/wowchemy-hugo-modules/wowchemy-cms/v5 v5.0.0-20210701193729-94ce6a21f268 h1:cwi7B0UZVElJqfakk+UxPOwjC53p9PnkUVzaoNMFaXI=
github.com/wowchemy/wowchemy-hugo-modules/wowchemy-cms/v5 v5.0.0-20210701193729-94ce6a21f268/go.mod h1:Sp/AKo+2HAPi/IPHp1MEdKPmee+mzO5+efUBUPLPqPE=
github.com/wowchemy/wowchemy-hugo-modules/wowchemy/v5 v5.0.0-20210701193729-94ce6a21f268 h1:esCfa5j93ABMhyGGuPz54XL105vaUw/MAQxr2Nuw4XQ=
github.com/wowchemy/wowchemy-hugo-modules/wowchemy/v5 v5.0.0-20210701193729-94ce6a21f268/go.mod h1:2iL9rdrUYyJXX2BeHKfK+QbqZlubCsaR60nQ87NRQTY=
